
Microsoft Visual Studio Solution File, Format Version 12.00
# Visual Studio 2013
VisualStudioVersion = 12.0.31101.0
MinimumVisualStudioVersion = 10.0.40219.1
Project("{FAE04EC0-301F-11D3-BF4B-00C04F79EFBC}") = "ShapeLib", "ShapeLib\ShapeLib.csproj", "{FB9689FA-A8F3-4A98-B8F4-3272E5F3908B}"
EndProject
Project("{FAE04EC0-301F-11D3-BF4B-00C04F79EFBC}") = "ShapesApp", "ShapesApp\ShapesApp.csproj", "{9489E807-F301-4752-B7E6-55971563F37C}"
EndProject
Project("{FAE04EC0-301F-11D3-BF4B-00C04F79EFBC}") = "Main", "Main\Main.csproj", "{8D12298E-53FC-41BD-AC5C-CDD6CCC22DB0}"
EndProject
Global
	GlobalSection(SolutionConfigurationPlatforms) = preSolution
		Debug|Any CPU = Debug|Any CPU
		Release|Any CPU = Release|Any CPU
	EndGlobalSection
	GlobalSection(ProjectConfigurationPlatforms) = postSolution
		{FB9689FA-A8F3-4A98-B8F4-3272E5F3908B}.Debug|Any CPU.ActiveCfg = Debug|Any CPU
		{FB9689FA-A8F3-4A98-B8F4-3272E5F3908B}.Debug|Any CPU.Build.0 = Debug|Any CPU
		{FB9689FA-A8F3-4A98-B8F4-3272E5F3908B}.Release|Any CPU.ActiveCfg = Release|Any CPU
		{FB9689FA-A8F3-4A98-B8F4-3272E5F3908B}.Release|Any CPU.Build.0 = Release|Any CPU
		{9489E807-F301-4752-B7E6-55971563F37C}.Debug|Any CPU.ActiveCfg = Debug|Any CPU
		{9489E807-F301-4752-B7E6-55971563F37C}.Debug|Any CPU.Build.0 = Debug|Any CPU
		{9489E807-F301-4752-B7E6-55971563F37C}.Release|Any CPU.ActiveCfg = Release|Any CPU
		{9489E807-F301-4752-B7E6-55971563F37C}.Release|Any CPU.Build.0 = Release|Any CPU
		{8D12298E-53FC-41BD-AC5C-CDD6CCC22DB0}.Debug|Any CPU.ActiveCfg = Debug|Any CPU
		{8D12298E-53FC-41BD-AC5C-CDD6CCC22DB0}.Debug|Any CPU.Build.0 = Debug|Any CPU
		{8D12298E-53FC-41BD-AC5C-CDD6CCC22DB0}.Release|Any CPU.ActiveCfg = Release|Any CPU
		{8D12298E-53FC-41BD-AC5C-CDD6CCC22DB0}.Release|Any CPU.Build.0 = Release|Any CPU
	EndGlobalSection
	GlobalSection(SolutionProperties) = preSolution
		HideSolutionNode = FALSE
	EndGlobalSection
EndGlobal
